<?xml version="1.0" encoding="utf-8"?>
<Project ToolsVersion="4.0" xmlns="http://schemas.microsoft.com/developer/msbuild/2003">
  <ItemGroup>
    <Filter Include="源文件">
      <UniqueIdentifier>{4FC737F1-C7A5-4376-A066-2A32D752A2FF}</UniqueIdentifier>
      <Extensions>cpp;c;cc;cxx;def;odl;idl;hpj;bat;asm;asmx</Extensions>
    </Filter>
    <Filter Include="头文件">
      <UniqueIdentifier>{93995380-89BD-4b04-88EB-625FBE52EBFB}</UniqueIdentifier>
      <Extensions>h;hh;hpp;hxx;hm;inl;inc;ipp;xsd</Extensions>
    </Filter>
    <Filter Include="资源文件">
      <UniqueIdentifier>{67DA6AB6-F800-4c08-8B7A-83BB121AAD01}</UniqueIdentifier>
      <Extensions>rc;ico;cur;bmp;dlg;rc2;rct;bin;rgs;gif;jpg;jpeg;jpe;resx;tiff;tif;png;wav;mfcribbon-ms</Extensions>
    </Filter>
    <Filter Include="资源文件\NewFilter1">
      <UniqueIdentifier>{359a1103-c1b8-43f0-bdc2-ddb4d023e284}</UniqueIdentifier>
    </Filter>
  </ItemGroup>
  <ItemGroup>
    <ClInclude Include="world_type.h">
      <Filter>头文件</Filter>
    </ClInclude>
    <ClInclude Include="simulation_h.h">
      <Filter>头文件</Filter>
    </ClInclude>
  </ItemGroup>
  <ItemGroup>
    <None Include="species">
      <Filter>资源文件</Filter>
    </None>
    <None Include="world1">
      <Filter>资源文件</Filter>
    </None>
    <None Include="creatures\alt_rover">
      <Filter>资源文件\NewFilter1</Filter>
    </None>
    <None Include="creatures\flytrap">
      <Filter>资源文件\NewFilter1</Filter>
    </None>
    <None Include="creatures\food">
      <Filter>资源文件\NewFilter1</Filter>
    </None>
    <None Include="creatures\hop">
      <Filter>资源文件\NewFilter1</Filter>
    </None>
    <None Include="creatures\landmine">
      <Filter>资源文件\NewFilter1</Filter>
    </None>
    <None Include="creatures\lrover">
      <Filter>资源文件\NewFilter1</Filter>
    </None>
    <None Include="creatures\path_finder">
      <Filter>资源文件\NewFilter1</Filter>
    </None>
    <None Include="creatures\rrover">
      <Filter>资源文件\NewFilter1</Filter>
    </None>
    <None Include="world1-concise.answer">
      <Filter>资源文件</Filter>
    </None>
    <None Include="world1-verbose.answer">
      <Filter>资源文件</Filter>
    </None>
    <None Include="world2">
      <Filter>资源文件</Filter>
    </None>
    <None Include="world2-concise.answer">
      <Filter>资源文件</Filter>
    </None>
    <None Include="world3">
      <Filter>资源文件</Filter>
    </None>
    <None Include="world3-concise.answer">
      <Filter>资源文件</Filter>
    </None>
    <None Include="world3-verbose.answer">
      <Filter>资源文件</Filter>
    </None>
    <None Include="outside-world">
      <Filter>资源文件</Filter>
    </None>
    <None Include="outside-world.answer">
      <Filter>资源文件</Filter>
    </None>
    <None Include="overlap-world">
      <Filter>资源文件</Filter>
    </None>
    <None Include="overlap-world.answer">
      <Filter>资源文件</Filter>
    </None>
    <None Include="r1">
      <Filter>资源文件</Filter>
    </None>
    <None Include="r2">
      <Filter>资源文件</Filter>
    </None>
    <None Include="species0">
      <Filter>资源文件</Filter>
    </None>
    <None Include="wt">
      <Filter>资源文件</Filter>
    </None>
    <None Include="creatures\jyz">
      <Filter>资源文件\NewFilter1</Filter>
    </None>
    <None Include="creatures\hzf">
      <Filter>资源文件\NewFilter1</Filter>
    </None>
    <None Include="wt_new">
      <Filter>资源文件</Filter>
    </None>
    <None Include="rc">
      <Filter>资源文件</Filter>
    </None>
    <None Include="rv">
      <Filter>资源文件</Filter>
    </None>
    <None Include="world17">
      <Filter>资源文件</Filter>
    </None>
  </ItemGroup>
  <ItemGroup>
    <ClCompile Include="p3_h.cpp">
      <Filter>源文件</Filter>
    </ClCompile>
    <ClCompile Include="simulation_h.cpp">
      <Filter>源文件</Filter>
    </ClCompile>
  </ItemGroup>
</Project>